// !$*UTF8*$!
{
	archiveVersion = 1;
	classes = {
	};
	objectVersion = 50;
	objects = {

/* Begin PBXBuildFile section */
		82E3862127707EDC008A61A8 /* AppDelegate.swift in Sources */ = {isa = PBXBuildFile; fileRef = 82E3862027707EDC008A61A8 /* AppDelegate.swift */; };
		82E3862327707EDC008A61A8 /* SceneDelegate.swift in Sources */ = {isa = PBXBuildFile; fileRef = 82E3862227707EDC008A61A8 /* SceneDelegate.swift */; };
		82E3862527707EDC008A61A8 /* ViewController.swift in Sources */ = {isa = PBXBuildFile; fileRef = 82E3862427707EDC008A61A8 /* ViewController.swift */; };
		82E3862A27707EDF008A61A8 /* Assets.xcassets in Resources */ = {isa = PBXBuildFile; fileRef = 82E3862927707EDF008A61A8 /* Assets.xcassets */; };
		82E3863E2770895F008A61A8 /* CellModel.swift in Sources */ = {isa = PBXBuildFile; fileRef = 82E3863D2770895F008A61A8 /* CellModel.swift */; };
		82E3864027708B4E008A61A8 /* SettingTableViewCell.swift in Sources */ = {isa = PBXBuildFile; fileRef = 82E3863F27708B4E008A61A8 /* SettingTableViewCell.swift */; };
		82E3864227708E72008A61A8 /* SwitchTableViewCell.swift in Sources */ = {isa = PBXBuildFile; fileRef = 82E3864127708E72008A61A8 /* SwitchTableViewCell.swift */; };
		82E3864427709157008A61A8 /* SettingsRightLabelOptionCell.swift in Sources */ = {isa = PBXBuildFile; fileRef = 82E3864327709157008A61A8 /* SettingsRightLabelOptionCell.swift */; };
/* End PBXBuildFile section */

/* Begin PBXFileReference section */
		82E3861D27707EDC008A61A8 /* HW12 Iphone Settings GIT.app */ = {isa = PBXFileReference; explicitFileType = wrapper.application; includeInIndex = 0; path = "HW12 Iphone Settings GIT.app"; sourceTree = BUILT_PRODUCTS_DIR; };
		82E3862027707EDC008A61A8 /* AppDelegate.swift */ = {isa = PBXFileReference; lastKnownFileType = sourcecode.swift; path = AppDelegate.swift; sourceTree = "<group>"; };
		82E3862227707EDC008A61A8 /* SceneDelegate.swift */ = {isa = PBXFileReference; lastKnownFileType = sourcecode.swift; path = SceneDelegate.swift; sourceTree = "<group>"; };
		82E3862427707EDC008A61A8 /* ViewController.swift */ = {isa = PBXFileReference; lastKnownFileType = sourcecode.swift; path = ViewController.swift; sourceTree = "<group>"; };
		82E3862927707EDF008A61A8 /* Assets.xcassets */ = {isa = PBXFileReference; lastKnownFileType = folder.assetcatalog; path = Assets.xcassets; sourceTree = "<group>"; };
		82E3862E27707EDF008A61A8 /* Info.plist */ = {isa = PBXFileReference; lastKnownFileType = text.plist.xml; path = Info.plist; sourceTree = "<group>"; };
		82E3863D2770895F008A61A8 /* CellModel.swift */ = {isa = PBXFileReference; lastKnownFileType = sourcecode.swift; path = CellModel.swift; sourceTree = "<group>"; };
		82E3863F27708B4E008A61A8 /* SettingTableViewCell.swift */ = {isa = PBXFileReference; lastKnownFileType = sourcecode.swift; path = SettingTableViewCell.swift; sourceTree = "<group>"; };
		82E3864127708E72008A61A8 /* SwitchTableViewCell.swift */ = {isa = PBXFileReference; lastKnownFileType = sourcecode.swift; path = SwitchTableViewCell.swift; sourceTree = "<group>"; };
		82E3864327709157008A61A8 /* SettingsRightLabelOptionCell.swift */ = {isa = PBXFileReference; lastKnownFileType = sourcecode.swift; path = SettingsRightLabelOptionCell.swift; sourceTree = "<group>"; };
/* End PBXFileReference section */

/* Begin PBXFrameworksBuildPhase section */
		82E3861A27707EDC008A61A8 /* Frameworks */ = {
			isa = PBXFrameworksBuildPhase;
			buildActionMask = 2147483647;
			files = (
			);
			runOnlyForDeploymentPostprocessing = 0;
		};
/* End PBXFrameworksBuildPhase section */

/* Begin PBXGroup section */
		82E3861427707EDC008A61A8 = {
			isa = PBXGroup;
			children = (
				82E3861F27707EDC008A61A8 /* HW12 Iphone Settings GIT */,
				82E3861E27707EDC008A61A8 /* Products */,
			);
			sourceTree = "<group>";
		};
		82E3861E27707EDC008A61A8 /* Products */ = {
			isa = PBXGroup;
			children = (
				82E3861D27707EDC008A61A8 /* HW12 Iphone Settings GIT.app */,
			);
			name = Products;
			sourceTree = "<group>";
		};
		82E3861F27707EDC008A61A8 /* HW12 Iphone Settings GIT */ = {
			isa = PBXGroup;
			children = (
				82E3863527707F44008A61A8 /* Sources */,
				82E3863427707F3C008A61A8 /* Resources */,
			);
			path = "HW12 Iphone Settings GIT";
			sourceTree = "<group>";
		};
		82E3863427707F3C008A61A8 /* Resources */ = {
			isa = PBXGroup;
			children = (
				82E3862927707EDF008A61A8 /* Assets.xcassets */,
				82E3862E27707EDF008A61A8 /* Info.plist */,
			);
			path = Resources;
			sourceTree = "<group>";
		};
		82E3863527707F44008A61A8 /* Sources */ = {
			isa = PBXGroup;
			children = (
				82E3863727707F89008A61A8 /* Scenes */,
				82E3863627707F79008A61A8 /* App */,
			);
			path = Sources;
			sourceTree = "<group>";
		};
		82E3863627707F79008A61A8 /* App */ = {
			isa = PBXGroup;
			children = (
				82E3862027707EDC008A61A8 /* AppDelegate.swift */,
				82E3862227707EDC008A61A8 /* SceneDelegate.swift */,
			);
			path = App;
			sourceTree = "<group>";
		};
		82E3863727707F89008A61A8 /* Scenes */ = {
			isa = PBXGroup;
			children = (
				82E3863A27707FBB008A61A8 /* Views */,
				82E3863927707FB2008A61A8 /* Models */,
				82E3863827707F9D008A61A8 /* Controller */,
			);
			path = Scenes;
			sourceTree = "<group>";
		};
		82E3863827707F9D008A61A8 /* Controller */ = {
			isa = PBXGroup;
			children = (
				82E3862427707EDC008A61A8 /* ViewController.swift */,
			);
			path = Controller;
			sourceTree = "<group>";
		};
		82E3863927707FB2008A61A8 /* Models */ = {
			isa = PBXGroup;
			children = (
				82E3863D2770895F008A61A8 /* CellModel.swift */,
			);
			path = Models;
			sourceTree = "<group>";
		};
		82E3863A27707FBB008A61A8 /* Views */ = {
			isa = PBXGroup;
			children = (
				82E3863F27708B4E008A61A8 /* SettingTableViewCell.swift */,
				82E3864127708E72008A61A8 /* SwitchTableViewCell.swift */,
				82E3864327709157008A61A8 /* SettingsRightLabelOptionCell.swift */,
			);
			path = Views;
			sourceTree = "<group>";
		};
/* End PBXGroup section */

/* Begin PBXNativeTarget section */
		82E3861C27707EDC008A61A8 /* HW12 Iphone Settings GIT */ = {
			isa = PBXNativeTarget;
			buildConfigurationList = 82E3863127707EDF008A61A8 /* Build configuration list for PBXNativeTarget "HW12 Iphone Settings GIT" */;
			buildPhases = (
				82E3861927707EDC008A61A8 /* Sources */,
				82E3861A27707EDC008A61A8 /* Frameworks */,
				82E3861B27707EDC008A61A8 /* Resources */,
			);
			buildRules = (
			);
			dependencies = (
			);
			name = "HW12 Iphone Settings GIT";
			productName = "HW12 Iphone Settings GIT";
			productReference = 82E3861D27707EDC008A61A8 /* HW12 Iphone Settings GIT.app */;
			productType = "com.apple.product-type.application";
		};
/* End PBXNativeTarget section */

/* Begin PBXProject section */
		82E3861527707EDC008A61A8 /* Project object */ = {
			isa = PBXProject;
			attributes = {
				LastSwiftUpdateCheck = 1250;
				LastUpgradeCheck = 1250;
				TargetAttributes = {
					82E3861C27707EDC008A61A8 = {
						CreatedOnToolsVersion = 12.5.1;
					};
				};
			};
			buildConfigurationList = 82E3861827707EDC008A61A8 /* Build configuration list for PBXProject "HW12 Iphone Settings GIT" */;
			compatibilityVersion = "Xcode 9.3";
			developmentRegion = en;
			hasScannedForEncodings = 0;
			knownRegions = (
				en,
				Base,
			);
			mainGroup = 82E3861427707EDC008A61A8;
			productRefGroup = 82E3861E27707EDC008A61A8 /* Products */;
			projectDirPath = "";
			projectRoot = "";
			targets = (
				82E3861C27707EDC008A61A8 /* HW12 Iphone Settings GIT */,
			);
		};
/* End PBXProject section */

/* Begin PBXResourcesBuildPhase section */
		82E3861B27707EDC008A61A8 /* Resources */ = {
			isa = PBXResourcesBuildPhase;
			buildActionMask = 2147483647;
			files = (
				82E3862A27707EDF008A61A8 /* Assets.xcassets in Resources */,
			);
			runOnlyForDeploymentPostprocessing = 0;
		};
/* End PBXResourcesBuildPhase section */

/* Begin PBXSourcesBuildPhase section */
		82E3861927707EDC008A61A8 /* Sources */ = {
			isa = PBXSourcesBuildPhase;
			buildActionMask = 2147483647;
			files = (
				82E3862527707EDC008A61A8 /* ViewController.swift in Sources */,
				82E3864427709157008A61A8 /* SettingsRightLabelOptionCell.swift in Sources */,
				82E3864027708B4E008A61A8 /* SettingTableViewCell.swift in Sources */,
				82E3862127707EDC008A61A8 /* AppDelegate.swift in Sources */,
				82E3862327707EDC008A61A8 /* SceneDelegate.swift in Sources */,
				82E3863E2770895F008A61A8 /* CellModel.swift in Sources */,
				82E3864227708E72008A61A8 /* SwitchTableViewCell.swift in Sources */,
			);
			runOnlyForDeploymentPostprocessing = 0;
		};
/* End PBXSourcesBuildPhase section */

/* Begin XCBuildConfiguration section */
		82E3862F27707EDF008A61A8 /* Debug */ = {
			isa = XCBuildConfiguration;
			buildSettings = {
				ALWAYS_SEARCH_USER_PATHS = NO;
				CLANG_ANALYZER_NONNULL = YES;
				CLANG_ANALYZER_NUMBER_OBJECT_CONVERSION = YES_AGGRESSIVE;
				CLANG_CXX_LANGUAGE_STANDARD = "gnu++14";
				CLANG_CXX_LIBRARY = "libc++";
				CLANG_ENABLE_MODULES = YES;
				CLANG_ENABLE_OBJC_ARC = YES;
				CLANG_ENABLE_OBJC_WEAK = YES;
				CLANG_WARN_BLOCK_CAPTURE_AUTORELEASING = YES;
				CLANG_WARN_BOOL_CONVERSION = YES;
				CLANG_WARN_COMMA = YES;
				CLANG_WARN_CONSTANT_CONVERSION = YES;
				CLANG_WARN_DEPRECATED_OBJC_IMPLEMENTATIONS = YES;
				CLANG_WARN_DIRECT_OBJC_ISA_USAGE = YES_ERROR;
				CLANG_WARN_DOCUMENTATION_COMMENTS = YES;
				CLANG_WARN_EMPTY_BODY = YES;
				CLANG_WARN_ENUM_CONVERSION = YES;
				CLANG_WARN_INFINITE_RECURSION = YES;
				CLANG_WARN_INT_CONVERSION = YES;
				CLANG_WARN_NON_LITERAL_NULL_CONVERSION = YES;
				CLANG_WARN_OBJC_IMPLICIT_RETAIN_SELF = YES;
				CLANG_WARN_OBJC_LITERAL_CONVERSION = YES;
				CLANG_WARN_OBJC_ROOT_CLASS = YES_ERROR;
				CLANG_WARN_QUOTED_INCLUDE_IN_FRAMEWORK_HEADER = YES;
				CLANG_WARN_RANGE_LOOP_ANALYSIS = YES;
				CLANG_WARN_STRICT_PROTOTYPES = YES;
				CLANG_WARN_SUSPICIOUS_MOVE = YES;
				CLANG_WARN_UNGUARDED_AVAILABILITY = YES_AGGRESSIVE;
				CLANG_WARN_UNREACHABLE_CODE = YES;
				CLANG_WARN__DUPLICATE_METHOD_MATCH = YES;
				COPY_PHASE_STRIP = NO;
				DEBUG_INFORMATION_FORMAT = dwarf;
				ENABLE_STRICT_OBJC_MSGSEND = YES;
				ENABLE_TESTABILITY = YES;
				GCC_C_LANGUAGE_STANDARD = gnu11;
				GCC_DYNAMIC_NO_PIC = NO;
				GCC_NO_COMMON_BLOCKS = YES;
				GCC_OPTIMIZATION_LEVEL = 0;
				GCC_PREPROCESSOR_DEFINITIONS = (
					"DEBUG=1",
					"$(inherited)",
				);
				GCC_WARN_64_TO_32_BIT_CONVERSION = YES;
				GCC_WARN_ABOUT_RETURN_TYPE = YES_ERROR;
				GCC_WARN_UNDECLARED_SELECTOR = YES;
				GCC_WARN_UNINITIALIZED_AUTOS = YES_AGGRESSIVE;
				GCC_WARN_UNUSED_FUNCTION = YES;
				GCC_WARN_UNUSED_VARIABLE = YES;
				IPHONEOS_DEPLOYMENT_TARGET = 14.5;
				MTL_ENABLE_DEBUG_INFO = INCLUDE_SOURCE;
				MTL_FAST_MATH = YES;
				ONLY_ACTIVE_ARCH = YES;
				SDKROOT = iphoneos;
				SWIFT_ACTIVE_COMPILATION_CONDITIONS = DEBUG;
				SWIFT_OPTIMIZATION_LEVEL = "-Onone";
			};
			name = Debug;
		};
		82E3863027707EDF008A61A8 /* Release */ = {
			isa = XCBuildConfiguration;
			buildSettings = {
				ALWAYS_SEARCH_USER_PATHS = NO;
				CLANG_ANALYZER_NONNULL = YES;
				CLANG_ANALYZER_NUMBER_OBJECT_CONVERSION = YES_AGGRESSIVE;
				CLANG_CXX_LANGUAGE_STANDARD = "gnu++14";
				CLANG_CXX_LIBRARY = "libc++";
				CLANG_ENABLE_MODULES = YES;
				CLANG_ENABLE_OBJC_ARC = YES;
				CLANG_ENABLE_OBJC_WEAK = YES;
				CLANG_WARN_BLOCK_CAPTURE_AUTORELEASING = YES;
				CLANG_WARN_BOOL_CONVERSION = YES;
				CLANG_WARN_COMMA = YES;
				CLANG_WARN_CONSTANT_CONVERSION = YES;
				CLANG_WARN_DEPRECATED_OBJC_IMPLEMENTATIONS = YES;
				CLANG_WARN_DIRECT_OBJC_ISA_USAGE = YES_ERROR;
				CLANG_WARN_DOCUMENTATION_COMMENTS = YES;
				CLANG_WARN_EMPTY_BODY = YES;
				CLANG_WARN_ENUM_CONVERSION = YES;
				CLANG_WARN_INFINITE_RECURSION = YES;
				CLANG_WARN_INT_CONVERSION = YES;
				CLANG_WARN_NON_LITERAL_NULL_CONVERSION = YES;
				CLANG_WARN_OBJC_IMPLICIT_RETAIN_SELF = YES;
				CLANG_WARN_OBJC_LITERAL_CONVERSION = YES;
				CLANG_WARN_OBJC_ROOT_CLASS = YES_ERROR;
				CLANG_WARN_QUOTED_INCLUDE_IN_FRAMEWORK_HEADER = YES;
				CLANG_WARN_RANGE_LOOP_ANALYSIS = YES;
				CLANG_WARN_STRICT_PROTOTYPES = YES;
				CLANG_WARN_SUSPICIOUS_MOVE = YES;
				CLANG_WARN_UNGUARDED_AVAILABILITY = YES_AGGRESSIVE;
				CLANG_WARN_UNREACHABLE_CODE = YES;
				CLANG_WARN__DUPLICATE_METHOD_MATCH = YES;
				COPY_PHASE_STRIP = NO;
				DEBUG_INFORMATION_FORMAT = "dwarf-with-dsym";
				ENABLE_NS_ASSERTIONS = NO;
				ENABLE_STRICT_OBJC_MSGSEND = YES;
				GCC_C_LANGUAGE_STANDARD = gnu11;
				GCC_NO_COMMON_BLOCKS = YES;
				GCC_WARN_64_TO_32_BIT_CONVERSION = YES;
				GCC_WARN_ABOUT_RETURN_TYPE = YES_ERROR;
				GCC_WARN_UNDECLARED_SELECTOR = YES;
				GCC_WARN_UNINITIALIZED_AUTOS = YES_AGGRESSIVE;
				GCC_WARN_UNUSED_FUNCTION = YES;
				GCC_WARN_UNUSED_VARIABLE = YES;
				IPHONEOS_DEPLOYMENT_TARGET = 14.5;
				MTL_ENABLE_DEBUG_INFO = NO;
				MTL_FAST_MATH = YES;
				SDKROOT = iphoneos;
				SWIFT_COMPILATION_MODE = wholemodule;
				SWIFT_OPTIMIZATION_LEVEL = "-O";
				VALIDATE_PRODUCT = YES;
			};
			name = Release;
		};
		82E3863227707EDF008A61A8 /* Debug */ = {
			isa = XCBuildConfiguration;
			buildSettings = {
				ASSETCATALOG_COMPILER_APPICON_NAME = AppIcon;
				ASSETCATALOG_COMPILER_GLOBAL_ACCENT_COLOR_NAME = AccentColor;
				CODE_SIGN_STYLE = Automatic;
				INFOPLIST_FILE = "HW12 Iphone Settings GIT/Resources/Info.plist";
				LD_RUNPATH_SEARCH_PATHS = (
					"$(inherited)",
					"@executable_path/Frameworks",
				);
				PRODUCT_BUNDLE_IDENTIFIER = "com.my.HW12-Iphone-Settings-GIT";
				PRODUCT_NAME = "$(TARGET_NAME)";
				SWIFT_VERSION = 5.0;
				TARGETED_DEVICE_FAMILY = "1,2";
			};
			name = Debug;
		};
		82E3863327707EDF008A61A8 /* Release */ = {
			isa = XCBuildConfiguration;
			buildSettings = {
				ASSETCATALOG_COMPILER_APPICON_NAME = AppIcon;
				ASSETCATALOG_COMPILER_GLOBAL_ACCENT_COLOR_NAME = AccentColor;
				CODE_SIGN_STYLE = Automatic;
				INFOPLIST_FILE = "HW12 Iphone Settings GIT/Resources/Info.plist";
				LD_RUNPATH_SEARCH_PATHS = (
					"$(inherited)",
					"@executable_path/Frameworks",
				);
				PRODUCT_BUNDLE_IDENTIFIER = "com.my.HW12-Iphone-Settings-GIT";
				PRODUCT_NAME = "$(TARGET_NAME)";
				SWIFT_VERSION = 5.0;
				TARGETED_DEVICE_FAMILY = "1,2";
			};
			name = Release;
		};
/* End XCBuildConfiguration section */

/* Begin XCConfigurationList section */
		82E3861827707EDC008A61A8 /* Build configuration list for PBXProject "HW12 Iphone Settings GIT" */ = {
			isa = XCConfigurationList;
			buildConfigurations = (
				82E3862F27707EDF008A61A8 /* Debug */,
				82E3863027707EDF008A61A8 /* Release */,
			);
			defaultConfigurationIsVisible = 0;
			defaultConfigurationName = Release;
		};
		82E3863127707EDF008A61A8 /* Build configuration list for PBXNativeTarget "HW12 Iphone Settings GIT" */ = {
			isa = XCConfigurationList;
			buildConfigurations = (
				82E3863227707EDF008A61A8 /* Debug */,
				82E3863327707EDF008A61A8 /* Release */,
			);
			defaultConfigurationIsVisible = 0;
			defaultConfigurationName = Release;
		};
/* End XCConfigurationList section */
	};
	rootObject = 82E3861527707EDC008A61A8 /* Project object */;
}
